
Microsoft Visual Studio Solution File, Format Version 12.00
# Visual Studio Version 17
VisualStudioVersion = 17.3.32811.315
MinimumVisualStudioVersion = 10.0.40219.1
Project("{9A19103F-16F7-4668-BE54-9A1E7A4F7556}") = "AccessControl", "AccessControl\AccessControl.csproj", "{81A368D1-AA45-4A2D-964A-127912E288C1}"
EndProject
Project("{9A19103F-16F7-4668-BE54-9A1E7A4F7556}") = "PullSDK_core", "PullSDK_core\PullSDK_core.csproj", "{A26CC45A-DA0D-4E03-A37B-0CB86243C005}"
EndProject
Global
	GlobalSection(SolutionConfigurationPlatforms) = preSolution
		Debug|Any CPU = Debug|Any CPU
		Release|Any CPU = Release|Any CPU
	EndGlobalSection
	GlobalSection(ProjectConfigurationPlatforms) = postSolution
		{81A368D1-AA45-4A2D-964A-127912E288C1}.Debug|Any CPU.ActiveCfg = Debug|x86
		{81A368D1-AA45-4A2D-964A-127912E288C1}.Debug|Any CPU.Build.0 = Debug|x86
		{81A368D1-AA45-4A2D-964A-127912E288C1}.Release|Any CPU.ActiveCfg = Release|x86
		{81A368D1-AA45-4A2D-964A-127912E288C1}.Release|Any CPU.Build.0 = Release|x86
		{A26CC45A-DA0D-4E03-A37B-0CB86243C005}.Debug|Any CPU.ActiveCfg = Debug|x86
		{A26CC45A-DA0D-4E03-A37B-0CB86243C005}.Debug|Any CPU.Build.0 = Debug|x86
		{A26CC45A-DA0D-4E03-A37B-0CB86243C005}.Release|Any CPU.ActiveCfg = Release|x86
		{A26CC45A-DA0D-4E03-A37B-0CB86243C005}.Release|Any CPU.Build.0 = Release|x86
	EndGlobalSection
	GlobalSection(SolutionProperties) = preSolution
		HideSolutionNode = FALSE
	EndGlobalSection
	GlobalSection(ExtensibilityGlobals) = postSolution
		SolutionGuid = {7AAB26A7-C8A0-450B-A9A4-3456830A620F}
	EndGlobalSection
EndGlobal
